
Microsoft Visual Studio Solution File, Format Version 12.00
# Visual Studio Version 17
VisualStudioVersion = 17.2.32505.173
MinimumVisualStudioVersion = 10.0.40219.1
Project("{FAE04EC0-301F-11D3-BF4B-00C04F79EFBC}") = "lab4", "lab4\lab4.csproj", "{104A27A0-97C7-4FCA-BD4D-A7D539948086}"
EndProject
Global
	GlobalSection(SolutionConfigurationPlatforms) = preSolution
		Debug|Any CPU = Debug|Any CPU
		Release|Any CPU = Release|Any CPU
	EndGlobalSection
	GlobalSection(ProjectConfigurationPlatforms) = postSolution
		{104A27A0-97C7-4FCA-BD4D-A7D539948086}.Debug|Any CPU.ActiveCfg = Debug|Any CPU
		{104A27A0-97C7-4FCA-BD4D-A7D539948086}.Debug|Any CPU.Build.0 = Debug|Any CPU
		{104A27A0-97C7-4FCA-BD4D-A7D539948086}.Release|Any CPU.ActiveCfg = Release|Any CPU
		{104A27A0-97C7-4FCA-BD4D-A7D539948086}.Release|Any CPU.Build.0 = Release|Any CPU
	EndGlobalSection
	GlobalSection(SolutionProperties) = preSolution
		HideSolutionNode = FALSE
	EndGlobalSection
	GlobalSection(ExtensibilityGlobals) = postSolution
		SolutionGuid = {7AE6A11A-AE9C-44E0-A58D-6ACE894B6BF3}
	EndGlobalSection
EndGlobal
